// !$*UTF8*$!
{
	archiveVersion = 1;
	classes = {
	};
	objectVersion = 77;
	objects = {

/* Begin PBXBuildFile section */
		50A3AB562E3759C6000FCB1F /* .gitignore in Resources */ = {isa = PBXBuildFile; fileRef = 50A3AB552E3759C6000FCB1F /* .gitignore */; };
/* End PBXBuildFile section */

/* Begin PBXContainerItemProxy section */
		50A3AB302E375067000FCB1F /* PBXContainerItemProxy */ = {
			isa = PBXContainerItemProxy;
			containerPortal = 50A3AB122E375065000FCB1F /* Project object */;
			proxyType = 1;
			remoteGlobalIDString = 50A3AB192E375065000FCB1F;
			remoteInfo = DSAHelper;
		};
		50A3AB3A2E375067000FCB1F /* PBXContainerItemProxy */ = {
			isa = PBXContainerItemProxy;
			containerPortal = 50A3AB122E375065000FCB1F /* Project object */;
			proxyType = 1;
			remoteGlobalIDString = 50A3AB192E375065000FCB1F;
			remoteInfo = DSAHelper;
		};
/* End PBXContainerItemProxy section */

/* Begin PBXFileReference section */
		50A3AB1A2E375065000FCB1F /* DSAHelper.app */ = {isa = PBXFileReference; explicitFileType = wrapper.application; includeInIndex = 0; path = DSAHelper.app; sourceTree = BUILT_PRODUCTS_DIR; };
		50A3AB2F2E375067000FCB1F /* DSAHelperTests.xctest */ = {isa = PBXFileReference; explicitFileType = wrapper.cfbundle; includeInIndex = 0; path = DSAHelperTests.xctest; sourceTree = BUILT_PRODUCTS_DIR; };
		50A3AB392E375067000FCB1F /* DSAHelperUITests.xctest */ = {isa = PBXFileReference; explicitFileType = wrapper.cfbundle; includeInIndex = 0; path = DSAHelperUITests.xctest; sourceTree = BUILT_PRODUCTS_DIR; };
		50A3AB552E3759C6000FCB1F /* .gitignore */ = {isa = PBXFileReference; lastKnownFileType = text; path = .gitignore; sourceTree = "<group>"; };
/* End PBXFileReference section */

/* Begin PBXFileSystemSynchronizedRootGroup section */
		50A3AB1C2E375065000FCB1F /* DSAHelper */ = {
			isa = PBXFileSystemSynchronizedRootGroup;
			path = DSAHelper;
			sourceTree = "<group>";
		};
		50A3AB322E375067000FCB1F /* DSAHelperTests */ = {
			isa = PBXFileSystemSynchronizedRootGroup;
			path = DSAHelperTests;
			sourceTree = "<group>";
		};
		50A3AB3C2E375067000FCB1F /* DSAHelperUITests */ = {
			isa = PBXFileSystemSynchronizedRootGroup;
			path = DSAHelperUITests;
			sourceTree = "<group>";
		};
/* End PBXFileSystemSynchronizedRootGroup section */

/* Begin PBXFrameworksBuildPhase section */
		50A3AB172E375065000FCB1F /* Frameworks */ = {
			isa = PBXFrameworksBuildPhase;
			buildActionMask = 2147483647;
			files = (
			);
			runOnlyForDeploymentPostprocessing = 0;
		};
		50A3AB2C2E375067000FCB1F /* Frameworks */ = {
			isa = PBXFrameworksBuildPhase;
			buildActionMask = 2147483647;
			files = (
			);
			runOnlyForDeploymentPostprocessing = 0;
		};
		50A3AB362E375067000FCB1F /* Frameworks */ = {
			isa = PBXFrameworksBuildPhase;
			buildActionMask = 2147483647;
			files = (
			);
			runOnlyForDeploymentPostprocessing = 0;
		};
/* End PBXFrameworksBuildPhase section */

/* Begin PBXGroup section */
		50A3AB112E375065000FCB1F = {
			isa = PBXGroup;
			children = (
				50A3AB552E3759C6000FCB1F /* .gitignore */,
				50A3AB1C2E375065000FCB1F /* DSAHelper */,
				50A3AB322E375067000FCB1F /* DSAHelperTests */,
				50A3AB3C2E375067000FCB1F /* DSAHelperUITests */,
				50A3AB1B2E375065000FCB1F /* Products */,
			);
			sourceTree = "<group>";
		};
		50A3AB1B2E375065000FCB1F /* Products */ = {
			isa = PBXGroup;
			children = (
				50A3AB1A2E375065000FCB1F /* DSAHelper.app */,
				50A3AB2F2E375067000FCB1F /* DSAHelperTests.xctest */,
				50A3AB392E375067000FCB1F /* DSAHelperUITests.xctest */,
			);
			name = Products;
			sourceTree = "<group>";
		};
/* End PBXGroup section */

/* Begin PBXNativeTarget section */
		50A3AB192E375065000FCB1F /* DSAHelper */ = {
			isa = PBXNativeTarget;
			buildConfigurationList = 50A3AB432E375067000FCB1F /* Build configuration list for PBXNativeTarget "DSAHelper" */;
			buildPhases = (
				50A3AB162E375065000FCB1F /* Sources */,
				50A3AB172E375065000FCB1F /* Frameworks */,
				50A3AB182E375065000FCB1F /* Resources */,
			);
			buildRules = (
			);
			dependencies = (
			);
			fileSystemSynchronizedGroups = (
				50A3AB1C2E375065000FCB1F /* DSAHelper */,
			);
			name = DSAHelper;
			packageProductDependencies = (
			);
			productName = DSAHelper;
			productReference = 50A3AB1A2E375065000FCB1F /* DSAHelper.app */;
			productType = "com.apple.product-type.application";
		};
		50A3AB2E2E375067000FCB1F /* DSAHelperTests */ = {
			isa = PBXNativeTarget;
			buildConfigurationList = 50A3AB462E375067000FCB1F /* Build configuration list for PBXNativeTarget "DSAHelperTests" */;
			buildPhases = (
				50A3AB2B2E375067000FCB1F /* Sources */,
				50A3AB2C2E375067000FCB1F /* Frameworks */,
				50A3AB2D2E375067000FCB1F /* Resources */,
			);
			buildRules = (
			);
			dependencies = (
				50A3AB312E375067000FCB1F /* PBXTargetDependency */,
			);
			fileSystemSynchronizedGroups = (
				50A3AB322E375067000FCB1F /* DSAHelperTests */,
			);
			name = DSAHelperTests;
			packageProductDependencies = (
			);
			productName = DSAHelperTests;
			productReference = 50A3AB2F2E375067000FCB1F /* DSAHelperTests.xctest */;
			productType = "com.apple.product-type.bundle.unit-test";
		};
		50A3AB382E375067000FCB1F /* DSAHelperUITests */ = {
			isa = PBXNativeTarget;
			buildConfigurationList = 50A3AB492E375067000FCB1F /* Build configuration list for PBXNativeTarget "DSAHelperUITests" */;
			buildPhases = (
				50A3AB352E375067000FCB1F /* Sources */,
				50A3AB362E375067000FCB1F /* Frameworks */,
				50A3AB372E375067000FCB1F /* Resources */,
			);
			buildRules = (
			);
			dependencies = (
				50A3AB3B2E375067000FCB1F /* PBXTargetDependency */,
			);
			fileSystemSynchronizedGroups = (
				50A3AB3C2E375067000FCB1F /* DSAHelperUITests */,
			);
			name = DSAHelperUITests;
			packageProductDependencies = (
			);
			productName = DSAHelperUITests;
			productReference = 50A3AB392E375067000FCB1F /* DSAHelperUITests.xctest */;
			productType = "com.apple.product-type.bundle.ui-testing";
		};
/* End PBXNativeTarget section */

/* Begin PBXProject section */
		50A3AB122E375065000FCB1F /* Project object */ = {
			isa = PBXProject;
			attributes = {
				BuildIndependentTargetsInParallel = 1;
				LastSwiftUpdateCheck = 1620;
				LastUpgradeCheck = 1620;
				TargetAttributes = {
					50A3AB192E375065000FCB1F = {
						CreatedOnToolsVersion = 16.2;
					};
					50A3AB2E2E375067000FCB1F = {
						CreatedOnToolsVersion = 16.2;
						TestTargetID = 50A3AB192E375065000FCB1F;
					};
					50A3AB382E375067000FCB1F = {
						CreatedOnToolsVersion = 16.2;
						TestTargetID = 50A3AB192E375065000FCB1F;
					};
				};
			};
			buildConfigurationList = 50A3AB152E375065000FCB1F /* Build configuration list for PBXProject "DSAHelper" */;
			developmentRegion = en;
			hasScannedForEncodings = 0;
			knownRegions = (
				en,
				Base,
			);
			mainGroup = 50A3AB112E375065000FCB1F;
			minimizedProjectReferenceProxies = 1;
			preferredProjectObjectVersion = 77;
			productRefGroup = 50A3AB1B2E375065000FCB1F /* Products */;
			projectDirPath = "";
			projectRoot = "";
			targets = (
				50A3AB192E375065000FCB1F /* DSAHelper */,
				50A3AB2E2E375067000FCB1F /* DSAHelperTests */,
				50A3AB382E375067000FCB1F /* DSAHelperUITests */,
			);
		};
/* End PBXProject section */

/* Begin PBXResourcesBuildPhase section */
		50A3AB182E375065000FCB1F /* Resources */ = {
			isa = PBXResourcesBuildPhase;
			buildActionMask = 2147483647;
			files = (
				50A3AB562E3759C6000FCB1F /* .gitignore in Resources */,
			);
			runOnlyForDeploymentPostprocessing = 0;
		};
		50A3AB2D2E375067000FCB1F /* Resources */ = {
			isa = PBXResourcesBuildPhase;
			buildActionMask = 2147483647;
			files = (
			);
			runOnlyForDeploymentPostprocessing = 0;
		};
		50A3AB372E375067000FCB1F /* Resources */ = {
			isa = PBXResourcesBuildPhase;
			buildActionMask = 2147483647;
			files = (
			);
			runOnlyForDeploymentPostprocessing = 0;
		};
/* End PBXResourcesBuildPhase section */

/* Begin PBXSourcesBuildPhase section */
		50A3AB162E375065000FCB1F /* Sources */ = {
			isa = PBXSourcesBuildPhase;
			buildActionMask = 2147483647;
			files = (
			);
			runOnlyForDeploymentPostprocessing = 0;
		};
		50A3AB2B2E375067000FCB1F /* Sources */ = {
			isa = PBXSourcesBuildPhase;
			buildActionMask = 2147483647;
			files = (
			);
			runOnlyForDeploymentPostprocessing = 0;
		};
		50A3AB352E375067000FCB1F /* Sources */ = {
			isa = PBXSourcesBuildPhase;
			buildActionMask = 2147483647;
			files = (
			);
			runOnlyForDeploymentPostprocessing = 0;
		};
/* End PBXSourcesBuildPhase section */

/* Begin PBXTargetDependency section */
		50A3AB312E375067000FCB1F /* PBXTargetDependency */ = {
			isa = PBXTargetDependency;
			target = 50A3AB192E375065000FCB1F /* DSAHelper */;
			targetProxy = 50A3AB302E375067000FCB1F /* PBXContainerItemProxy */;
		};
		50A3AB3B2E375067000FCB1F /* PBXTargetDependency */ = {
			isa = PBXTargetDependency;
			target = 50A3AB192E375065000FCB1F /* DSAHelper */;
			targetProxy = 50A3AB3A2E375067000FCB1F /* PBXContainerItemProxy */;
		};
/* End PBXTargetDependency section */

/* Begin XCBuildConfiguration section */
		50A3AB412E375067000FCB1F /* Debug */ = {
			isa = XCBuildConfiguration;
			buildSettings = {
				ALWAYS_SEARCH_USER_PATHS = NO;
				ASSETCATALOG_COMPILER_GENERATE_SWIFT_ASSET_SYMBOL_EXTENSIONS = YES;
				CLANG_ANALYZER_NONNULL = YES;
				CLANG_ANALYZER_NUMBER_OBJECT_CONVERSION = YES_AGGRESSIVE;
				CLANG_CXX_LANGUAGE_STANDARD = "gnu++20";
				CLANG_ENABLE_MODULES = YES;
				CLANG_ENABLE_OBJC_ARC = YES;
				CLANG_ENABLE_OBJC_WEAK = YES;
				CLANG_WARN_BLOCK_CAPTURE_AUTORELEASING = YES;
				CLANG_WARN_BOOL_CONVERSION = YES;
				CLANG_WARN_COMMA = YES;
				CLANG_WARN_CONSTANT_CONVERSION = YES;
				CLANG_WARN_DEPRECATED_OBJC_IMPLEMENTATIONS = YES;
				CLANG_WARN_DIRECT_OBJC_ISA_USAGE = YES_ERROR;
				CLANG_WARN_DOCUMENTATION_COMMENTS = YES;
				CLANG_WARN_EMPTY_BODY = YES;
				CLANG_WARN_ENUM_CONVERSION = YES;
				CLANG_WARN_INFINITE_RECURSION = YES;
				CLANG_WARN_INT_CONVERSION = YES;
				CLANG_WARN_NON_LITERAL_NULL_CONVERSION = YES;
				CLANG_WARN_OBJC_IMPLICIT_RETAIN_SELF = YES;
				CLANG_WARN_OBJC_LITERAL_CONVERSION = YES;
				CLANG_WARN_OBJC_ROOT_CLASS = YES_ERROR;
				CLANG_WARN_QUOTED_INCLUDE_IN_FRAMEWORK_HEADER = YES;
				CLANG_WARN_RANGE_LOOP_ANALYSIS = YES;
				CLANG_WARN_STRICT_PROTOTYPES = YES;
				CLANG_WARN_SUSPICIOUS_MOVE = YES;
				CLANG_WARN_UNGUARDED_AVAILABILITY = YES_AGGRESSIVE;
				CLANG_WARN_UNREACHABLE_CODE = YES;
				CLANG_WARN__DUPLICATE_METHOD_MATCH = YES;
				COPY_PHASE_STRIP = NO;
				DEBUG_INFORMATION_FORMAT = dwarf;
				ENABLE_STRICT_OBJC_MSGSEND = YES;
				ENABLE_TESTABILITY = YES;
				ENABLE_USER_SCRIPT_SANDBOXING = YES;
				GCC_C_LANGUAGE_STANDARD = gnu17;
				GCC_DYNAMIC_NO_PIC = NO;
				GCC_NO_COMMON_BLOCKS = YES;
				GCC_OPTIMIZATION_LEVEL = 0;
				GCC_PREPROCESSOR_DEFINITIONS = (
					"DEBUG=1",
					"$(inherited)",
				);
				GCC_WARN_64_TO_32_BIT_CONVERSION = YES;
				GCC_WARN_ABOUT_RETURN_TYPE = YES_ERROR;
				GCC_WARN_UNDECLARED_SELECTOR = YES;
				GCC_WARN_UNINITIALIZED_AUTOS = YES_AGGRESSIVE;
				GCC_WARN_UNUSED_FUNCTION = YES;
				GCC_WARN_UNUSED_VARIABLE = YES;
				IPHONEOS_DEPLOYMENT_TARGET = 18.2;
				LOCALIZATION_PREFERS_STRING_CATALOGS = YES;
				MTL_ENABLE_DEBUG_INFO = INCLUDE_SOURCE;
				MTL_FAST_MATH = YES;
				ONLY_ACTIVE_ARCH = YES;
				SDKROOT = iphoneos;
				SWIFT_ACTIVE_COMPILATION_CONDITIONS = "DEBUG $(inherited)";
				SWIFT_OPTIMIZATION_LEVEL = "-Onone";
			};
			name = Debug;
		};
		50A3AB422E375067000FCB1F /* Release */ = {
			isa = XCBuildConfiguration;
			buildSettings = {
				ALWAYS_SEARCH_USER_PATHS = NO;
				ASSETCATALOG_COMPILER_GENERATE_SWIFT_ASSET_SYMBOL_EXTENSIONS = YES;
				CLANG_ANALYZER_NONNULL = YES;
				CLANG_ANALYZER_NUMBER_OBJECT_CONVERSION = YES_AGGRESSIVE;
				CLANG_CXX_LANGUAGE_STANDARD = "gnu++20";
				CLANG_ENABLE_MODULES = YES;
				CLANG_ENABLE_OBJC_ARC = YES;
				CLANG_ENABLE_OBJC_WEAK = YES;
				CLANG_WARN_BLOCK_CAPTURE_AUTORELEASING = YES;
				CLANG_WARN_BOOL_CONVERSION = YES;
				CLANG_WARN_COMMA = YES;
				CLANG_WARN_CONSTANT_CONVERSION = YES;
				CLANG_WARN_DEPRECATED_OBJC_IMPLEMENTATIONS = YES;
				CLANG_WARN_DIRECT_OBJC_ISA_USAGE = YES_ERROR;
				CLANG_WARN_DOCUMENTATION_COMMENTS = YES;
				CLANG_WARN_EMPTY_BODY = YES;
				CLANG_WARN_ENUM_CONVERSION = YES;
				CLANG_WARN_INFINITE_RECURSION = YES;
				CLANG_WARN_INT_CONVERSION = YES;
				CLANG_WARN_NON_LITERAL_NULL_CONVERSION = YES;
				CLANG_WARN_OBJC_IMPLICIT_RETAIN_SELF = YES;
				CLANG_WARN_OBJC_LITERAL_CONVERSION = YES;
				CLANG_WARN_OBJC_ROOT_CLASS = YES_ERROR;
				CLANG_WARN_QUOTED_INCLUDE_IN_FRAMEWORK_HEADER = YES;
				CLANG_WARN_RANGE_LOOP_ANALYSIS = YES;
				CLANG_WARN_STRICT_PROTOTYPES = YES;
				CLANG_WARN_SUSPICIOUS_MOVE = YES;
				CLANG_WARN_UNGUARDED_AVAILABILITY = YES_AGGRESSIVE;
				CLANG_WARN_UNREACHABLE_CODE = YES;
				CLANG_WARN__DUPLICATE_METHOD_MATCH = YES;
				COPY_PHASE_STRIP = NO;
				DEBUG_INFORMATION_FORMAT = "dwarf-with-dsym";
				ENABLE_NS_ASSERTIONS = NO;
				ENABLE_STRICT_OBJC_MSGSEND = YES;
				ENABLE_USER_SCRIPT_SANDBOXING = YES;
				GCC_C_LANGUAGE_STANDARD = gnu17;
				GCC_NO_COMMON_BLOCKS = YES;
				GCC_WARN_64_TO_32_BIT_CONVERSION = YES;
				GCC_WARN_ABOUT_RETURN_TYPE = YES_ERROR;
				GCC_WARN_UNDECLARED_SELECTOR = YES;
				GCC_WARN_UNINITIALIZED_AUTOS = YES_AGGRESSIVE;
				GCC_WARN_UNUSED_FUNCTION = YES;
				GCC_WARN_UNUSED_VARIABLE = YES;
				IPHONEOS_DEPLOYMENT_TARGET = 18.2;
				LOCALIZATION_PREFERS_STRING_CATALOGS = YES;
				MTL_ENABLE_DEBUG_INFO = NO;
				MTL_FAST_MATH = YES;
				SDKROOT = iphoneos;
				SWIFT_COMPILATION_MODE = wholemodule;
				VALIDATE_PRODUCT = YES;
			};
			name = Release;
		};
		50A3AB442E375067000FCB1F /* Debug */ = {
			isa = XCBuildConfiguration;
			buildSettings = {
				ASSETCATALOG_COMPILER_APPICON_NAME = AppIcon;
				ASSETCATALOG_COMPILER_GLOBAL_ACCENT_COLOR_NAME = AccentColor;
				CODE_SIGN_STYLE = Automatic;
				CURRENT_PROJECT_VERSION = 1;
				DEVELOPMENT_ASSET_PATHS = "\"DSAHelper/Preview Content\"";
				DEVELOPMENT_TEAM = K25NU93844;
				ENABLE_PREVIEWS = YES;
				GENERATE_INFOPLIST_FILE = YES;
				INFOPLIST_KEY_UIApplicationSceneManifest_Generation = YES;
				INFOPLIST_KEY_UIApplicationSupportsIndirectInputEvents = YES;
				INFOPLIST_KEY_UILaunchScreen_Generation = YES;
				INFOPLIST_KEY_UISupportedInterfaceOrientations_iPad = "UIInterfaceOrientationPortrait UIInterfaceOrientationPortraitUpsideDown UIInterfaceOrientationLandscapeLeft UIInterfaceOrientationLandscapeRight";
				INFOPLIST_KEY_UISupportedInterfaceOrientations_iPhone = "UIInterfaceOrientationPortrait UIInterfaceOrientationLandscapeLeft UIInterfaceOrientationLandscapeRight";
				LD_RUNPATH_SEARCH_PATHS = (
					"$(inherited)",
					"@executable_path/Frameworks",
				);
				MARKETING_VERSION = 1.0;
				PRODUCT_BUNDLE_IDENTIFIER = Personal.DSAHelper;
				PRODUCT_NAME = "$(TARGET_NAME)";
				SWIFT_EMIT_LOC_STRINGS = YES;
				SWIFT_VERSION = 5.0;
				TARGETED_DEVICE_FAMILY = "1,2";
			};
			name = Debug;
		};
		50A3AB452E375067000FCB1F /* Release */ = {
			isa = XCBuildConfiguration;
			buildSettings = {
				ASSETCATALOG_COMPILER_APPICON_NAME = AppIcon;
				ASSETCATALOG_COMPILER_GLOBAL_ACCENT_COLOR_NAME = AccentColor;
				CODE_SIGN_STYLE = Automatic;
				CURRENT_PROJECT_VERSION = 1;
				DEVELOPMENT_ASSET_PATHS = "\"DSAHelper/Preview Content\"";
				DEVELOPMENT_TEAM = K25NU93844;
				ENABLE_PREVIEWS = YES;
				GENERATE_INFOPLIST_FILE = YES;
				INFOPLIST_KEY_UIApplicationSceneManifest_Generation = YES;
				INFOPLIST_KEY_UIApplicationSupportsIndirectInputEvents = YES;
				INFOPLIST_KEY_UILaunchScreen_Generation = YES;
				INFOPLIST_KEY_UISupportedInterfaceOrientations_iPad = "UIInterfaceOrientationPortrait UIInterfaceOrientationPortraitUpsideDown UIInterfaceOrientationLandscapeLeft UIInterfaceOrientationLandscapeRight";
				INFOPLIST_KEY_UISupportedInterfaceOrientations_iPhone = "UIInterfaceOrientationPortrait UIInterfaceOrientationLandscapeLeft UIInterfaceOrientationLandscapeRight";
				LD_RUNPATH_SEARCH_PATHS = (
					"$(inherited)",
					"@executable_path/Frameworks",
				);
				MARKETING_VERSION = 1.0;
				PRODUCT_BUNDLE_IDENTIFIER = Personal.DSAHelper;
				PRODUCT_NAME = "$(TARGET_NAME)";
				SWIFT_EMIT_LOC_STRINGS = YES;
				SWIFT_VERSION = 5.0;
				TARGETED_DEVICE_FAMILY = "1,2";
			};
			name = Release;
		};
		50A3AB472E375067000FCB1F /* Debug */ = {
			isa = XCBuildConfiguration;
			buildSettings = {
				BUNDLE_LOADER = "$(TEST_HOST)";
				CODE_SIGN_STYLE = Automatic;
				CURRENT_PROJECT_VERSION = 1;
				DEVELOPMENT_TEAM = K25NU93844;
				GENERATE_INFOPLIST_FILE = YES;
				IPHONEOS_DEPLOYMENT_TARGET = 18.2;
				MARKETING_VERSION = 1.0;
				PRODUCT_BUNDLE_IDENTIFIER = Personal.DSAHelperTests;
				PRODUCT_NAME = "$(TARGET_NAME)";
				SWIFT_EMIT_LOC_STRINGS = NO;
				SWIFT_VERSION = 5.0;
				TARGETED_DEVICE_FAMILY = "1,2";
				TEST_HOST = "$(BUILT_PRODUCTS_DIR)/DSAHelper.app/$(BUNDLE_EXECUTABLE_FOLDER_PATH)/DSAHelper";
			};
			name = Debug;
		};
		50A3AB482E375067000FCB1F /* Release */ = {
			isa = XCBuildConfiguration;
			buildSettings = {
				BUNDLE_LOADER = "$(TEST_HOST)";
				CODE_SIGN_STYLE = Automatic;
				CURRENT_PROJECT_VERSION = 1;
				DEVELOPMENT_TEAM = K25NU93844;
				GENERATE_INFOPLIST_FILE = YES;
				IPHONEOS_DEPLOYMENT_TARGET = 18.2;
				MARKETING_VERSION = 1.0;
				PRODUCT_BUNDLE_IDENTIFIER = Personal.DSAHelperTests;
				PRODUCT_NAME = "$(TARGET_NAME)";
				SWIFT_EMIT_LOC_STRINGS = NO;
				SWIFT_VERSION = 5.0;
				TARGETED_DEVICE_FAMILY = "1,2";
				TEST_HOST = "$(BUILT_PRODUCTS_DIR)/DSAHelper.app/$(BUNDLE_EXECUTABLE_FOLDER_PATH)/DSAHelper";
			};
			name = Release;
		};
		50A3AB4A2E375067000FCB1F /* Debug */ = {
			isa = XCBuildConfiguration;
			buildSettings = {
				CODE_SIGN_STYLE = Automatic;
				CURRENT_PROJECT_VERSION = 1;
				DEVELOPMENT_TEAM = K25NU93844;
				GENERATE_INFOPLIST_FILE = YES;
				MARKETING_VERSION = 1.0;
				PRODUCT_BUNDLE_IDENTIFIER = Personal.DSAHelperUITests;
				PRODUCT_NAME = "$(TARGET_NAME)";
				SWIFT_EMIT_LOC_STRINGS = NO;
				SWIFT_VERSION = 5.0;
				TARGETED_DEVICE_FAMILY = "1,2";
				TEST_TARGET_NAME = DSAHelper;
			};
			name = Debug;
		};
		50A3AB4B2E375067000FCB1F /* Release */ = {
			isa = XCBuildConfiguration;
			buildSettings = {
				CODE_SIGN_STYLE = Automatic;
				CURRENT_PROJECT_VERSION = 1;
				DEVELOPMENT_TEAM = K25NU93844;
				GENERATE_INFOPLIST_FILE = YES;
				MARKETING_VERSION = 1.0;
				PRODUCT_BUNDLE_IDENTIFIER = Personal.DSAHelperUITests;
				PRODUCT_NAME = "$(TARGET_NAME)";
				SWIFT_EMIT_LOC_STRINGS = NO;
				SWIFT_VERSION = 5.0;
				TARGETED_DEVICE_FAMILY = "1,2";
				TEST_TARGET_NAME = DSAHelper;
			};
			name = Release;
		};
/* End XCBuildConfiguration section */

/* Begin XCConfigurationList section */
		50A3AB152E375065000FCB1F /* Build configuration list for PBXProject "DSAHelper" */ = {
			isa = XCConfigurationList;
			buildConfigurations = (
				50A3AB412E375067000FCB1F /* Debug */,
				50A3AB422E375067000FCB1F /* Release */,
			);
			defaultConfigurationIsVisible = 0;
			defaultConfigurationName = Release;
		};
		50A3AB432E375067000FCB1F /* Build configuration list for PBXNativeTarget "DSAHelper" */ = {
			isa = XCConfigurationList;
			buildConfigurations = (
				50A3AB442E375067000FCB1F /* Debug */,
				50A3AB452E375067000FCB1F /* Release */,
			);
			defaultConfigurationIsVisible = 0;
			defaultConfigurationName = Release;
		};
		50A3AB462E375067000FCB1F /* Build configuration list for PBXNativeTarget "DSAHelperTests" */ = {
			isa = XCConfigurationList;
			buildConfigurations = (
				50A3AB472E375067000FCB1F /* Debug */,
				50A3AB482E375067000FCB1F /* Release */,
			);
			defaultConfigurationIsVisible = 0;
			defaultConfigurationName = Release;
		};
		50A3AB492E375067000FCB1F /* Build configuration list for PBXNativeTarget "DSAHelperUITests" */ = {
			isa = XCConfigurationList;
			buildConfigurations = (
				50A3AB4A2E375067000FCB1F /* Debug */,
				50A3AB4B2E375067000FCB1F /* Release */,
			);
			defaultConfigurationIsVisible = 0;
			defaultConfigurationName = Release;
		};
/* End XCConfigurationList section */
	};
	rootObject = 50A3AB122E375065000FCB1F /* Project object */;
}
